
Microsoft Visual Studio Solution File, Format Version 12.00
# Visual Studio Version 17
VisualStudioVersion = 17.7.34031.279
MinimumVisualStudioVersion = 10.0.40219.1
Project("{FAE04EC0-301F-11D3-BF4B-00C04F79EFBC}") = "Threads2", "Threads2.csproj", "{4D043819-33E7-442D-BB81-0B560FC38827}"
EndProject
Global
	GlobalSection(SolutionConfigurationPlatforms) = preSolution
		Debug|Any CPU = Debug|Any CPU
		Release|Any CPU = Release|Any CPU
	EndGlobalSection
	GlobalSection(ProjectConfigurationPlatforms) = postSolution
		{4D043819-33E7-442D-BB81-0B560FC38827}.Debug|Any CPU.ActiveCfg = Debug|Any CPU
		{4D043819-33E7-442D-BB81-0B560FC38827}.Debug|Any CPU.Build.0 = Debug|Any CPU
		{4D043819-33E7-442D-BB81-0B560FC38827}.Release|Any CPU.ActiveCfg = Release|Any CPU
		{4D043819-33E7-442D-BB81-0B560FC38827}.Release|Any CPU.Build.0 = Release|Any CPU
	EndGlobalSection
	GlobalSection(SolutionProperties) = preSolution
		HideSolutionNode = FALSE
	EndGlobalSection
	GlobalSection(ExtensibilityGlobals) = postSolution
		SolutionGuid = {7F4F1A5D-8C77-4FCF-A752-C14437C681AE}
	EndGlobalSection
EndGlobal
